{
  "version": 4,
  "terraform_version": "1.12.2",
  "serial": 8,
  "lineage": "7ebb5f44-3718-31e6-cbfe-0b6b1716dea2",
  "outputs": {
    "instance_id": {
      "value": "i-019dfba93039370cb",
      "type": "string"
    },
    "public_dns": {
      "value": "ec2-35-78-249-180.ap-northeast-1.compute.amazonaws.com",
      "type": "string"
    },
    "public_ip": {
      "value": "35.78.249.180",
      "type": "string"
    }
  },
  "resources": [
    {
      "mode": "data",
      "type": "aws_ami",
      "name": "al2023",
      "provider": "provider[\"registry.terraform.io/hashicorp/aws\"]",
      "instances": [
        {
          "schema_version": 0,
          "attributes": {
            "allow_unsafe_filter": null,
            "architecture": "x86_64",
            "arn": "arn:aws:ec2:ap-northeast-1::image/ami-0ddbbe422c8bf7886",
            "block_device_mappings": [
              {
                "device_name": "/dev/xvda",
                "ebs": {
                  "delete_on_termination": "true",
                  "encrypted": "false",
                  "iops": "3000",
                  "snapshot_id": "snap-0a8fd4f8d949e5ee9",
                  "throughput": "125",
                  "volume_initialization_rate": "0",
                  "volume_size": "30",
                  "volume_type": "gp3"
                },
                "no_device": "",
                "virtual_name": ""
              }
            ],
            "boot_mode": "uefi-preferred",
            "creation_date": "2025-08-13T03:51:53.000Z",
            "deprecation_time": "2027-08-13T03:51:53.000Z",
            "description": "Amazon Linux AMI 2023.0.20250812 x86_64 ECS HVM EBS",
            "ena_support": true,
            "executable_users": null,
            "filter": [
              {
                "name": "architecture",
                "values": [
                  "x86_64"
                ]
              },
              {
                "name": "name",
                "values": [
                  "al2023-ami-*-x86_64"
                ]
              },
              {
                "name": "virtualization-type",
                "values": [
                  "hvm"
                ]
              }
            ],
            "hypervisor": "xen",
            "id": "ami-0ddbbe422c8bf7886",
            "image_id": "ami-0ddbbe422c8bf7886",
            "image_location": "amazon/al2023-ami-ecs-hvm-2023.0.20250812-kernel-6.1-x86_64",
            "image_owner_alias": "amazon",
            "image_type": "machine",
            "imds_support": "v2.0",
            "include_deprecated": false,
            "kernel_id": "",
            "last_launched_time": "",
            "most_recent": true,
            "name": "al2023-ami-ecs-hvm-2023.0.20250812-kernel-6.1-x86_64",
            "name_regex": null,
            "owner_id": "591542846629",
            "owners": [
              "amazon"
            ],
            "platform": "",
            "platform_details": "Linux/UNIX",
            "product_codes": [],
            "public": true,
            "ramdisk_id": "",
            "region": "ap-northeast-1",
            "root_device_name": "/dev/xvda",
            "root_device_type": "ebs",
            "root_snapshot_id": "snap-0a8fd4f8d949e5ee9",
            "sriov_net_support": "simple",
            "state": "available",
            "state_reason": {
              "code": "UNSET",
              "message": "UNSET"
            },
            "tags": {},
            "timeouts": null,
            "tpm_support": "",
            "uefi_data": null,
            "usage_operation": "RunInstances",
            "virtualization_type": "hvm"
          },
          "sensitive_attributes": [],
          "identity_schema_version": 0
        }
      ]
    },
    {
      "mode": "data",
      "type": "aws_subnets",
      "name": "default",
      "provider": "provider[\"registry.terraform.io/hashicorp/aws\"]",
      "instances": [
        {
          "schema_version": 0,
          "attributes": {
            "filter": [
              {
                "name": "vpc-id",
                "values": [
                  "vpc-01071dee3da795fe8"
                ]
              }
            ],
            "id": "ap-northeast-1",
            "ids": [
              "subnet-0381bcb0c942042b5",
              "subnet-06bd812ff151561e7",
              "subnet-0a3fd597595df1a38"
            ],
            "region": "ap-northeast-1",
            "tags": null,
            "timeouts": null
          },
          "sensitive_attributes": [],
          "identity_schema_version": 0
        }
      ]
    },
    {
      "mode": "data",
      "type": "aws_vpc",
      "name": "default",
      "provider": "provider[\"registry.terraform.io/hashicorp/aws\"]",
      "instances": [
        {
          "schema_version": 0,
          "attributes": {
            "arn": "arn:aws:ec2:ap-northeast-1:148327434872:vpc/vpc-01071dee3da795fe8",
            "cidr_block": "172.31.0.0/16",
            "cidr_block_associations": [
              {
                "association_id": "vpc-cidr-assoc-04752d743807a1a6b",
                "cidr_block": "172.31.0.0/16",
                "state": "associated"
              }
            ],
            "default": true,
            "dhcp_options_id": "dopt-018872441507c5a26",
            "enable_dns_hostnames": true,
            "enable_dns_support": true,
            "enable_network_address_usage_metrics": false,
            "filter": null,
            "id": "vpc-01071dee3da795fe8",
            "instance_tenancy": "default",
            "ipv6_association_id": "",
            "ipv6_cidr_block": "",
            "main_route_table_id": "rtb-02913734140631a86",
            "owner_id": "148327434872",
            "region": "ap-northeast-1",
            "state": null,
            "tags": {},
            "timeouts": null
          },
          "sensitive_attributes": [],
          "identity_schema_version": 0
        }
      ]
    },
    {
      "mode": "managed",
      "type": "aws_iam_instance_profile",
      "name": "ec2_profile",
      "provider": "provider[\"registry.terraform.io/hashicorp/aws\"]",
      "instances": [
        {
          "schema_version": 0,
          "attributes": {
            "arn": "arn:aws:iam::148327434872:instance-profile/a-proposal-ec2-ssm-instance-profile",
            "create_date": "2025-08-13T19:03:41Z",
            "id": "a-proposal-ec2-ssm-instance-profile",
            "name": "a-proposal-ec2-ssm-instance-profile",
            "name_prefix": "",
            "path": "/",
            "role": "a-proposal-ec2-ssm-ec2-role",
            "tags": {},
            "tags_all": {},
            "unique_id": "AIPASFCIBBJ4OOJUFDEYW"
          },
          "sensitive_attributes": [],
          "identity_schema_version": 0,
          "private": "bnVsbA==",
          "dependencies": [
            "aws_iam_role.ec2_role"
          ]
        }
      ]
    },
    {
      "mode": "managed",
      "type": "aws_iam_role",
      "name": "ec2_role",
      "provider": "provider[\"registry.terraform.io/hashicorp/aws\"]",
      "instances": [
        {
          "schema_version": 0,
          "attributes": {
            "arn": "arn:aws:iam::148327434872:role/a-proposal-ec2-ssm-ec2-role",
            "assume_role_policy": "{\"Statement\":[{\"Action\":\"sts:AssumeRole\",\"Effect\":\"Allow\",\"Principal\":{\"Service\":\"ec2.amazonaws.com\"}}],\"Version\":\"2012-10-17\"}",
            "create_date": "2025-08-13T19:03:40Z",
            "description": "",
            "force_detach_policies": false,
            "id": "a-proposal-ec2-ssm-ec2-role",
            "inline_policy": [],
            "managed_policy_arns": [
              "arn:aws:iam::aws:policy/AmazonSSMManagedInstanceCore"
            ],
            "max_session_duration": 3600,
            "name": "a-proposal-ec2-ssm-ec2-role",
            "name_prefix": "",
            "path": "/",
            "permissions_boundary": "",
            "tags": {
              "Env": "dev",
              "ManagedBy": "terraform",
              "Project": "a-proposal-ec2-ssm"
            },
            "tags_all": {
              "Env": "dev",
              "ManagedBy": "terraform",
              "Project": "a-proposal-ec2-ssm"
            },
            "unique_id": "AROASFCIBBJ4PH5UL5K4G"
          },
          "sensitive_attributes": [],
          "identity_schema_version": 0,
          "identity": {
            "account_id": "148327434872",
            "name": "a-proposal-ec2-ssm-ec2-role"
          },
          "private": "bnVsbA=="
        }
      ]
    },
    {
      "mode": "managed",
      "type": "aws_iam_role_policy_attachment",
      "name": "attach_ssm_core",
      "provider": "provider[\"registry.terraform.io/hashicorp/aws\"]",
      "instances": [
        {
          "schema_version": 0,
          "attributes": {
            "id": "a-proposal-ec2-ssm-ec2-role/arn:aws:iam::aws:policy/AmazonSSMManagedInstanceCore",
            "policy_arn": "arn:aws:iam::aws:policy/AmazonSSMManagedInstanceCore",
            "role": "a-proposal-ec2-ssm-ec2-role"
          },
          "sensitive_attributes": [],
          "identity_schema_version": 0,
          "identity": {
            "account_id": "148327434872",
            "policy_arn": "arn:aws:iam::aws:policy/AmazonSSMManagedInstanceCore",
            "role": "a-proposal-ec2-ssm-ec2-role"
          },
          "private": "bnVsbA==",
          "dependencies": [
            "aws_iam_role.ec2_role"
          ]
        }
      ]
    },
    {
      "mode": "managed",
      "type": "aws_instance",
      "name": "web",
      "provider": "provider[\"registry.terraform.io/hashicorp/aws\"]",
      "instances": [
        {
          "schema_version": 2,
          "attributes": {
            "ami": "ami-0ddbbe422c8bf7886",
            "arn": "arn:aws:ec2:ap-northeast-1:148327434872:instance/i-019dfba93039370cb",
            "associate_public_ip_address": true,
            "availability_zone": "ap-northeast-1c",
            "capacity_reservation_specification": [
              {
                "capacity_reservation_preference": "open",
                "capacity_reservation_target": []
              }
            ],
            "cpu_options": [
              {
                "amd_sev_snp": "",
                "core_count": 1,
                "threads_per_core": 2
              }
            ],
            "credit_specification": [
              {
                "cpu_credits": "standard"
              }
            ],
            "disable_api_stop": false,
            "disable_api_termination": false,
            "ebs_block_device": [],
            "ebs_optimized": false,
            "enable_primary_ipv6": null,
            "enclave_options": [
              {
                "enabled": false
              }
            ],
            "ephemeral_block_device": [],
            "force_destroy": false,
            "get_password_data": false,
            "hibernation": false,
            "host_id": "",
            "host_resource_group_arn": null,
            "iam_instance_profile": "a-proposal-ec2-ssm-instance-profile",
            "id": "i-019dfba93039370cb",
            "instance_initiated_shutdown_behavior": "stop",
            "instance_lifecycle": "",
            "instance_market_options": [],
            "instance_state": "running",
            "instance_type": "t3.micro",
            "ipv6_address_count": 0,
            "ipv6_addresses": [],
            "key_name": "",
            "launch_template": [],
            "maintenance_options": [
              {
                "auto_recovery": "default"
              }
            ],
            "metadata_options": [
              {
                "http_endpoint": "enabled",
                "http_protocol_ipv6": "disabled",
                "http_put_response_hop_limit": 2,
                "http_tokens": "required",
                "instance_metadata_tags": "disabled"
              }
            ],
            "monitoring": false,
            "network_interface": [],
            "outpost_arn": "",
            "password_data": "",
            "placement_group": "",
            "placement_partition_number": 0,
            "primary_network_interface_id": "eni-0154a8a885217d771",
            "private_dns": "ip-172-31-8-251.ap-northeast-1.compute.internal",
            "private_dns_name_options": [
              {
                "enable_resource_name_dns_a_record": false,
                "enable_resource_name_dns_aaaa_record": false,
                "hostname_type": "ip-name"
              }
            ],
            "private_ip": "172.31.8.251",
            "public_dns": "ec2-35-78-249-180.ap-northeast-1.compute.amazonaws.com",
            "public_ip": "35.78.249.180",
            "region": "ap-northeast-1",
            "root_block_device": [
              {
                "delete_on_termination": true,
                "device_name": "/dev/xvda",
                "encrypted": false,
                "iops": 3000,
                "kms_key_id": "",
                "tags": {
                  "Env": "dev",
                  "ManagedBy": "terraform",
                  "Project": "a-proposal-ec2-ssm"
                },
                "tags_all": {
                  "Env": "dev",
                  "ManagedBy": "terraform",
                  "Project": "a-proposal-ec2-ssm"
                },
                "throughput": 125,
                "volume_id": "vol-0d5fa7277c7343122",
                "volume_size": 30,
                "volume_type": "gp3"
              }
            ],
            "secondary_private_ips": [],
            "security_groups": [
              "a-proposal-ec2-ssm-sg"
            ],
            "source_dest_check": true,
            "spot_instance_request_id": "",
            "subnet_id": "subnet-0381bcb0c942042b5",
            "tags": {
              "Env": "dev",
              "ManagedBy": "terraform",
              "Name": "a-proposal-ec2-ssm-web",
              "Project": "a-proposal-ec2-ssm"
            },
            "tags_all": {
              "Env": "dev",
              "ManagedBy": "terraform",
              "Name": "a-proposal-ec2-ssm-web",
              "Project": "a-proposal-ec2-ssm"
            },
            "tenancy": "default",
            "timeouts": null,
            "user_data": "#!/bin/bash\nset -euxo pipefail\n\n# 更新 \u0026 Nginx\ndnf -y update\ndnf -y install nginx\n\n# インスタンスID取得（IMDSv2）\nTOKEN=$(curl -sS -X PUT \"http://169.254.169.254/latest/api/token\" -H \"X-aws-ec2-metadata-token-ttl-seconds: 60\")\nIID=$(curl -sS -H \"X-aws-ec2-metadata-token: ${TOKEN}\" \"http://169.254.169.254/latest/meta-data/instance-id\")\n\ncat \u003e/usr/share/nginx/html/index.html \u003c\u003cEOF\n\u003c!DOCTYPE html\u003e\n\u003chtml lang=\"ja\"\u003e\u003chead\u003e\u003cmeta charset=\"utf-8\"\u003e\u003ctitle\u003eHello from EC2\u003c/title\u003e\u003c/head\u003e\n\u003cbody style=\"font-family:sans-serif;margin:3rem\"\u003e\n\u003ch1\u003eEC2 Minimal (SSM Only)\u003c/h1\u003e\n\u003cp\u003eInstance ID: \u003ccode\u003e${IID}\u003c/code\u003e\u003c/p\u003e\n\u003cp\u003eAMI: Amazon Linux 2023\u003c/p\u003e\n\u003cp\u003eProvisioned by Terraform\u003c/p\u003e\n\u003c/body\u003e\u003c/html\u003e\nEOF\n\nsystemctl enable nginx\nsystemctl start nginx\n",
            "user_data_base64": null,
            "user_data_replace_on_change": false,
            "volume_tags": null,
            "vpc_security_group_ids": [
              "sg-0ccab343b1b967066"
            ]
          },
          "sensitive_attributes": [],
          "identity_schema_version": 0,
          "private": "eyJlMmJmYjczMC1lY2FhLTExZTYtOGY4OC0zNDM2M2JjN2M0YzAiOnsiY3JlYXRlIjo2MDAwMDAwMDAwMDAsImRlbGV0ZSI6MTIwMDAwMDAwMDAwMCwicmVhZCI6OTAwMDAwMDAwMDAwLCJ1cGRhdGUiOjYwMDAwMDAwMDAwMH0sInNjaGVtYV92ZXJzaW9uIjoiMiJ9",
          "dependencies": [
            "aws_iam_instance_profile.ec2_profile",
            "aws_iam_role.ec2_role",
            "aws_security_group.web_sg",
            "data.aws_ami.al2023",
            "data.aws_subnets.default",
            "data.aws_vpc.default"
          ]
        }
      ]
    },
    {
      "mode": "managed",
      "type": "aws_security_group",
      "name": "web_sg",
      "provider": "provider[\"registry.terraform.io/hashicorp/aws\"]",
      "instances": [
        {
          "schema_version": 1,
          "attributes": {
            "arn": "arn:aws:ec2:ap-northeast-1:148327434872:security-group/sg-0ccab343b1b967066",
            "description": "Allow HTTP only (no SSH)",
            "egress": [
              {
                "cidr_blocks": [
                  "0.0.0.0/0"
                ],
                "description": "",
                "from_port": 0,
                "ipv6_cidr_blocks": [],
                "prefix_list_ids": [],
                "protocol": "-1",
                "security_groups": [],
                "self": false,
                "to_port": 0
              }
            ],
            "id": "sg-0ccab343b1b967066",
            "ingress": [
              {
                "cidr_blocks": [
                  "0.0.0.0/0"
                ],
                "description": "HTTP",
                "from_port": 80,
                "ipv6_cidr_blocks": [],
                "prefix_list_ids": [],
                "protocol": "tcp",
                "security_groups": [],
                "self": false,
                "to_port": 80
              }
            ],
            "name": "a-proposal-ec2-ssm-sg",
            "name_prefix": "",
            "owner_id": "148327434872",
            "region": "ap-northeast-1",
            "revoke_rules_on_delete": false,
            "tags": {
              "Env": "dev",
              "ManagedBy": "terraform",
              "Project": "a-proposal-ec2-ssm"
            },
            "tags_all": {
              "Env": "dev",
              "ManagedBy": "terraform",
              "Project": "a-proposal-ec2-ssm"
            },
            "timeouts": null,
            "vpc_id": "vpc-01071dee3da795fe8"
          },
          "sensitive_attributes": [],
          "identity_schema_version": 0,
          "identity": {
            "account_id": "148327434872",
            "id": "sg-0ccab343b1b967066",
            "region": "ap-northeast-1"
          },
          "private": "eyJlMmJmYjczMC1lY2FhLTExZTYtOGY4OC0zNDM2M2JjN2M0YzAiOnsiY3JlYXRlIjo2MDAwMDAwMDAwMDAsImRlbGV0ZSI6OTAwMDAwMDAwMDAwfSwic2NoZW1hX3ZlcnNpb24iOiIxIn0=",
          "dependencies": [
            "data.aws_vpc.default"
          ]
        }
      ]
    }
  ],
  "check_results": null
}
